
Microsoft Visual Studio Solution File, Format Version 12.00
# Visual Studio Version 17
VisualStudioVersion = 17.4.33122.133
MinimumVisualStudioVersion = 10.0.40219.1
Project("{FAE04EC0-301F-11D3-BF4B-00C04F79EFBC}") = "books_store", "books_store\books_store.csproj", "{EFAC3295-9A61-4D2C-B0D9-CBBCC641C0A2}"
EndProject
Global
	GlobalSection(SolutionConfigurationPlatforms) = preSolution
		Debug|Any CPU = Debug|Any CPU
		Release|Any CPU = Release|Any CPU
	EndGlobalSection
	GlobalSection(ProjectConfigurationPlatforms) = postSolution
		{EFAC3295-9A61-4D2C-B0D9-CBBCC641C0A2}.Debug|Any CPU.ActiveCfg = Debug|Any CPU
		{EFAC3295-9A61-4D2C-B0D9-CBBCC641C0A2}.Debug|Any CPU.Build.0 = Debug|Any CPU
		{EFAC3295-9A61-4D2C-B0D9-CBBCC641C0A2}.Release|Any CPU.ActiveCfg = Release|Any CPU
		{EFAC3295-9A61-4D2C-B0D9-CBBCC641C0A2}.Release|Any CPU.Build.0 = Release|Any CPU
	EndGlobalSection
	GlobalSection(SolutionProperties) = preSolution
		HideSolutionNode = FALSE
	EndGlobalSection
	GlobalSection(ExtensibilityGlobals) = postSolution
		SolutionGuid = {03D421F2-CB95-45FE-99A9-6DBC807AD6ED}
	EndGlobalSection
EndGlobal
